
Microsoft Visual Studio Solution File, Format Version 12.00
# Visual Studio Version 16
VisualStudioVersion = 16.0.31321.278
MinimumVisualStudioVersion = 10.0.40219.1
Project("{9A19103F-16F7-4668-BE54-9A1E7A4F7556}") = "PlatformInvoke", "PlatformInvoke\PlatformInvoke.csproj", "{01CAB94A-494D-49FC-AA14-ABEA2B4F91F0}"
EndProject
Project("{8BC9CEB8-8B4A-11D0-8D11-00A0C91BC942}") = "UnmanagedCode", "UnmanagedCode\UnmanagedCode.vcxproj", "{1867F4AC-4C71-4FB9-94C2-DDB88EB71C2C}"
EndProject
Project("{FAE04EC0-301F-11D3-BF4B-00C04F79EFBC}") = "PInvokePackage", "PInvokePackage\PInvokePackage.csproj", "{813DE19E-F7C8-43E8-9927-CFA557231361}"
EndProject
Global
	GlobalSection(SolutionConfigurationPlatforms) = preSolution
		Debug|Any CPU = Debug|Any CPU
		Debug|x64 = Debug|x64
		Debug|x86 = Debug|x86
		Release|Any CPU = Release|Any CPU
		Release|x64 = Release|x64
		Release|x86 = Release|x86
	EndGlobalSection
	GlobalSection(ProjectConfigurationPlatforms) = postSolution
		{01CAB94A-494D-49FC-AA14-ABEA2B4F91F0}.Debug|Any CPU.ActiveCfg = Debug|Any CPU
		{01CAB94A-494D-49FC-AA14-ABEA2B4F91F0}.Debug|Any CPU.Build.0 = Debug|Any CPU
		{01CAB94A-494D-49FC-AA14-ABEA2B4F91F0}.Debug|x64.ActiveCfg = Debug|Any CPU
		{01CAB94A-494D-49FC-AA14-ABEA2B4F91F0}.Debug|x64.Build.0 = Debug|Any CPU
		{01CAB94A-494D-49FC-AA14-ABEA2B4F91F0}.Debug|x86.ActiveCfg = Debug|Any CPU
		{01CAB94A-494D-49FC-AA14-ABEA2B4F91F0}.Debug|x86.Build.0 = Debug|Any CPU
		{01CAB94A-494D-49FC-AA14-ABEA2B4F91F0}.Release|Any CPU.ActiveCfg = Release|Any CPU
		{01CAB94A-494D-49FC-AA14-ABEA2B4F91F0}.Release|Any CPU.Build.0 = Release|Any CPU
		{01CAB94A-494D-49FC-AA14-ABEA2B4F91F0}.Release|x64.ActiveCfg = Release|Any CPU
		{01CAB94A-494D-49FC-AA14-ABEA2B4F91F0}.Release|x64.Build.0 = Release|Any CPU
		{01CAB94A-494D-49FC-AA14-ABEA2B4F91F0}.Release|x86.ActiveCfg = Release|Any CPU
		{01CAB94A-494D-49FC-AA14-ABEA2B4F91F0}.Release|x86.Build.0 = Release|Any CPU
		{1867F4AC-4C71-4FB9-94C2-DDB88EB71C2C}.Debug|Any CPU.ActiveCfg = Debug|x64
		{1867F4AC-4C71-4FB9-94C2-DDB88EB71C2C}.Debug|Any CPU.Build.0 = Debug|x64
		{1867F4AC-4C71-4FB9-94C2-DDB88EB71C2C}.Debug|x64.ActiveCfg = Debug|x64
		{1867F4AC-4C71-4FB9-94C2-DDB88EB71C2C}.Debug|x64.Build.0 = Debug|x64
		{1867F4AC-4C71-4FB9-94C2-DDB88EB71C2C}.Debug|x86.ActiveCfg = Debug|Win32
		{1867F4AC-4C71-4FB9-94C2-DDB88EB71C2C}.Debug|x86.Build.0 = Debug|Win32
		{1867F4AC-4C71-4FB9-94C2-DDB88EB71C2C}.Release|Any CPU.ActiveCfg = Release|x64
		{1867F4AC-4C71-4FB9-94C2-DDB88EB71C2C}.Release|Any CPU.Build.0 = Release|x64
		{1867F4AC-4C71-4FB9-94C2-DDB88EB71C2C}.Release|x64.ActiveCfg = Release|x64
		{1867F4AC-4C71-4FB9-94C2-DDB88EB71C2C}.Release|x64.Build.0 = Release|x64
		{1867F4AC-4C71-4FB9-94C2-DDB88EB71C2C}.Release|x86.ActiveCfg = Release|Win32
		{1867F4AC-4C71-4FB9-94C2-DDB88EB71C2C}.Release|x86.Build.0 = Release|Win32
		{813DE19E-F7C8-43E8-9927-CFA557231361}.Debug|Any CPU.ActiveCfg = Debug|Any CPU
		{813DE19E-F7C8-43E8-9927-CFA557231361}.Debug|Any CPU.Build.0 = Debug|Any CPU
		{813DE19E-F7C8-43E8-9927-CFA557231361}.Debug|x64.ActiveCfg = Debug|Any CPU
		{813DE19E-F7C8-43E8-9927-CFA557231361}.Debug|x64.Build.0 = Debug|Any CPU
		{813DE19E-F7C8-43E8-9927-CFA557231361}.Debug|x86.ActiveCfg = Debug|Any CPU
		{813DE19E-F7C8-43E8-9927-CFA557231361}.Debug|x86.Build.0 = Debug|Any CPU
		{813DE19E-F7C8-43E8-9927-CFA557231361}.Release|Any CPU.ActiveCfg = Release|Any CPU
		{813DE19E-F7C8-43E8-9927-CFA557231361}.Release|Any CPU.Build.0 = Release|Any CPU
		{813DE19E-F7C8-43E8-9927-CFA557231361}.Release|x64.ActiveCfg = Release|Any CPU
		{813DE19E-F7C8-43E8-9927-CFA557231361}.Release|x64.Build.0 = Release|Any CPU
		{813DE19E-F7C8-43E8-9927-CFA557231361}.Release|x86.ActiveCfg = Release|Any CPU
		{813DE19E-F7C8-43E8-9927-CFA557231361}.Release|x86.Build.0 = Release|Any CPU
	EndGlobalSection
	GlobalSection(SolutionProperties) = preSolution
		HideSolutionNode = FALSE
	EndGlobalSection
	GlobalSection(ExtensibilityGlobals) = postSolution
		SolutionGuid = {94FE6127-F8C9-415B-8DE4-85AB4719DE22}
	EndGlobalSection
EndGlobal
