
Microsoft Visual Studio Solution File, Format Version 12.00
# Visual Studio Version 17
VisualStudioVersion = 17.0.31717.71
MinimumVisualStudioVersion = 10.0.40219.1
Project("{9A19103F-16F7-4668-BE54-9A1E7A4F7556}") = "PlatformInvoke", "PlatformInvoke\PlatformInvoke.csproj", "{A7EB5B94-B93F-434B-9DB2-C85E6AC9F162}"
EndProject
Project("{8BC9CEB8-8B4A-11D0-8D11-00A0C91BC942}") = "UnmanagedCode", "UnmanagedCode\UnmanagedCode.vcxproj", "{FB6048AB-7D61-4A83-A983-5F61715EA94D}"
EndProject
Project("{FAE04EC0-301F-11D3-BF4B-00C04F79EFBC}") = "PInvokePackage", "PInvokePackage\PInvokePackage.csproj", "{F8834845-22E2-496C-ADCA-BC32DCF9D6FF}"
EndProject
Global
	GlobalSection(SolutionConfigurationPlatforms) = preSolution
		Debug|Any CPU = Debug|Any CPU
		Debug|x64 = Debug|x64
		Debug|x86 = Debug|x86
		Release|Any CPU = Release|Any CPU
		Release|x64 = Release|x64
		Release|x86 = Release|x86
	EndGlobalSection
	GlobalSection(ProjectConfigurationPlatforms) = postSolution
		{A7EB5B94-B93F-434B-9DB2-C85E6AC9F162}.Debug|Any CPU.ActiveCfg = Debug|Any CPU
		{A7EB5B94-B93F-434B-9DB2-C85E6AC9F162}.Debug|Any CPU.Build.0 = Debug|Any CPU
		{A7EB5B94-B93F-434B-9DB2-C85E6AC9F162}.Debug|x64.ActiveCfg = Debug|Any CPU
		{A7EB5B94-B93F-434B-9DB2-C85E6AC9F162}.Debug|x64.Build.0 = Debug|Any CPU
		{A7EB5B94-B93F-434B-9DB2-C85E6AC9F162}.Debug|x86.ActiveCfg = Debug|Any CPU
		{A7EB5B94-B93F-434B-9DB2-C85E6AC9F162}.Debug|x86.Build.0 = Debug|Any CPU
		{A7EB5B94-B93F-434B-9DB2-C85E6AC9F162}.Release|Any CPU.ActiveCfg = Release|Any CPU
		{A7EB5B94-B93F-434B-9DB2-C85E6AC9F162}.Release|Any CPU.Build.0 = Release|Any CPU
		{A7EB5B94-B93F-434B-9DB2-C85E6AC9F162}.Release|x64.ActiveCfg = Release|Any CPU
		{A7EB5B94-B93F-434B-9DB2-C85E6AC9F162}.Release|x64.Build.0 = Release|Any CPU
		{A7EB5B94-B93F-434B-9DB2-C85E6AC9F162}.Release|x86.ActiveCfg = Release|Any CPU
		{A7EB5B94-B93F-434B-9DB2-C85E6AC9F162}.Release|x86.Build.0 = Release|Any CPU
		{FB6048AB-7D61-4A83-A983-5F61715EA94D}.Debug|Any CPU.ActiveCfg = Debug|x64
		{FB6048AB-7D61-4A83-A983-5F61715EA94D}.Debug|Any CPU.Build.0 = Debug|x64
		{FB6048AB-7D61-4A83-A983-5F61715EA94D}.Debug|x64.ActiveCfg = Debug|x64
		{FB6048AB-7D61-4A83-A983-5F61715EA94D}.Debug|x64.Build.0 = Debug|x64
		{FB6048AB-7D61-4A83-A983-5F61715EA94D}.Debug|x86.ActiveCfg = Debug|Win32
		{FB6048AB-7D61-4A83-A983-5F61715EA94D}.Debug|x86.Build.0 = Debug|Win32
		{FB6048AB-7D61-4A83-A983-5F61715EA94D}.Release|Any CPU.ActiveCfg = Release|x64
		{FB6048AB-7D61-4A83-A983-5F61715EA94D}.Release|Any CPU.Build.0 = Release|x64
		{FB6048AB-7D61-4A83-A983-5F61715EA94D}.Release|x64.ActiveCfg = Release|x64
		{FB6048AB-7D61-4A83-A983-5F61715EA94D}.Release|x64.Build.0 = Release|x64
		{FB6048AB-7D61-4A83-A983-5F61715EA94D}.Release|x86.ActiveCfg = Release|Win32
		{FB6048AB-7D61-4A83-A983-5F61715EA94D}.Release|x86.Build.0 = Release|Win32
		{F8834845-22E2-496C-ADCA-BC32DCF9D6FF}.Debug|Any CPU.ActiveCfg = Debug|Any CPU
		{F8834845-22E2-496C-ADCA-BC32DCF9D6FF}.Debug|Any CPU.Build.0 = Debug|Any CPU
		{F8834845-22E2-496C-ADCA-BC32DCF9D6FF}.Debug|x64.ActiveCfg = Debug|Any CPU
		{F8834845-22E2-496C-ADCA-BC32DCF9D6FF}.Debug|x64.Build.0 = Debug|Any CPU
		{F8834845-22E2-496C-ADCA-BC32DCF9D6FF}.Debug|x86.ActiveCfg = Debug|Any CPU
		{F8834845-22E2-496C-ADCA-BC32DCF9D6FF}.Debug|x86.Build.0 = Debug|Any CPU
		{F8834845-22E2-496C-ADCA-BC32DCF9D6FF}.Release|Any CPU.ActiveCfg = Release|Any CPU
		{F8834845-22E2-496C-ADCA-BC32DCF9D6FF}.Release|Any CPU.Build.0 = Release|Any CPU
		{F8834845-22E2-496C-ADCA-BC32DCF9D6FF}.Release|x64.ActiveCfg = Release|Any CPU
		{F8834845-22E2-496C-ADCA-BC32DCF9D6FF}.Release|x64.Build.0 = Release|Any CPU
		{F8834845-22E2-496C-ADCA-BC32DCF9D6FF}.Release|x86.ActiveCfg = Release|Any CPU
		{F8834845-22E2-496C-ADCA-BC32DCF9D6FF}.Release|x86.Build.0 = Release|Any CPU
	EndGlobalSection
	GlobalSection(SolutionProperties) = preSolution
		HideSolutionNode = FALSE
	EndGlobalSection
	GlobalSection(ExtensibilityGlobals) = postSolution
		SolutionGuid = {34EDA951-16D4-4BB7-BA43-BD79B076864A}
	EndGlobalSection
EndGlobal
