
Microsoft Visual Studio Solution File, Format Version 12.00
# Visual Studio Version 16
VisualStudioVersion = 16.0.30225.117
MinimumVisualStudioVersion = 10.0.40219.1
Project("{FAE04EC0-301F-11D3-BF4B-00C04F79EFBC}") = "Artificial NS", "Artificial NS\Artificial NS.csproj", "{4BC244EB-EB38-4792-AB97-13203B2DEEEC}"
EndProject
Global
	GlobalSection(SolutionConfigurationPlatforms) = preSolution
		Debug|Any CPU = Debug|Any CPU
		Release|Any CPU = Release|Any CPU
	EndGlobalSection
	GlobalSection(ProjectConfigurationPlatforms) = postSolution
		{4BC244EB-EB38-4792-AB97-13203B2DEEEC}.Debug|Any CPU.ActiveCfg = Debug|Any CPU
		{4BC244EB-EB38-4792-AB97-13203B2DEEEC}.Debug|Any CPU.Build.0 = Debug|Any CPU
		{4BC244EB-EB38-4792-AB97-13203B2DEEEC}.Release|Any CPU.ActiveCfg = Release|Any CPU
		{4BC244EB-EB38-4792-AB97-13203B2DEEEC}.Release|Any CPU.Build.0 = Release|Any CPU
	EndGlobalSection
	GlobalSection(SolutionProperties) = preSolution
		HideSolutionNode = FALSE
	EndGlobalSection
	GlobalSection(ExtensibilityGlobals) = postSolution
		SolutionGuid = {1AAFEC53-D073-4EF3-B2AC-0C75CB115B40}
	EndGlobalSection
EndGlobal
